
Microsoft Visual Studio Solution File, Format Version 12.00
Project("{FAE04EC0-301F-11D3-BF4B-00C04F79EFBC}") = "CovidStatistics", "CovidStatistics\CovidStatistics.csproj", "{C0A8F3DF-CB8B-4423-A4FC-4CE06AA8FA11}"
EndProject
Project("{FAE04EC0-301F-11D3-BF4B-00C04F79EFBC}") = "Service.Contracts", "Service.Contracts\Service.Contracts.csproj", "{E63DD29F-8A7D-40EA-B1D6-BE06A62D0076}"
EndProject
Project("{FAE04EC0-301F-11D3-BF4B-00C04F79EFBC}") = "Service", "Service\Service.csproj", "{86077FDA-671B-4418-A807-F9F03C8EE3EA}"
EndProject
Project("{FAE04EC0-301F-11D3-BF4B-00C04F79EFBC}") = "Entities", "Entities\Entities.csproj", "{A6ABE9C7-07CF-44B8-B5C4-EBE349BD9C9E}"
EndProject
Project("{FAE04EC0-301F-11D3-BF4B-00C04F79EFBC}") = "Shared", "Shared\Shared.csproj", "{5292CEFF-F8A1-45F4-ABDA-EA4134A00B08}"
EndProject
Project("{FAE04EC0-301F-11D3-BF4B-00C04F79EFBC}") = "CovidStatistics.Presentation", "CovidStatistics.Presentation\CovidStatistics.Presentation.csproj", "{8D6FAEAB-4DD6-42BB-A791-2C7E2669DE03}"
EndProject
Global
	GlobalSection(SolutionConfigurationPlatforms) = preSolution
		Debug|Any CPU = Debug|Any CPU
		Release|Any CPU = Release|Any CPU
	EndGlobalSection
	GlobalSection(ProjectConfigurationPlatforms) = postSolution
		{C0A8F3DF-CB8B-4423-A4FC-4CE06AA8FA11}.Debug|Any CPU.ActiveCfg = Debug|Any CPU
		{C0A8F3DF-CB8B-4423-A4FC-4CE06AA8FA11}.Debug|Any CPU.Build.0 = Debug|Any CPU
		{C0A8F3DF-CB8B-4423-A4FC-4CE06AA8FA11}.Release|Any CPU.ActiveCfg = Release|Any CPU
		{C0A8F3DF-CB8B-4423-A4FC-4CE06AA8FA11}.Release|Any CPU.Build.0 = Release|Any CPU
		{E63DD29F-8A7D-40EA-B1D6-BE06A62D0076}.Debug|Any CPU.ActiveCfg = Debug|Any CPU
		{E63DD29F-8A7D-40EA-B1D6-BE06A62D0076}.Debug|Any CPU.Build.0 = Debug|Any CPU
		{E63DD29F-8A7D-40EA-B1D6-BE06A62D0076}.Release|Any CPU.ActiveCfg = Release|Any CPU
		{E63DD29F-8A7D-40EA-B1D6-BE06A62D0076}.Release|Any CPU.Build.0 = Release|Any CPU
		{86077FDA-671B-4418-A807-F9F03C8EE3EA}.Debug|Any CPU.ActiveCfg = Debug|Any CPU
		{86077FDA-671B-4418-A807-F9F03C8EE3EA}.Debug|Any CPU.Build.0 = Debug|Any CPU
		{86077FDA-671B-4418-A807-F9F03C8EE3EA}.Release|Any CPU.ActiveCfg = Release|Any CPU
		{86077FDA-671B-4418-A807-F9F03C8EE3EA}.Release|Any CPU.Build.0 = Release|Any CPU
		{A6ABE9C7-07CF-44B8-B5C4-EBE349BD9C9E}.Debug|Any CPU.ActiveCfg = Debug|Any CPU
		{A6ABE9C7-07CF-44B8-B5C4-EBE349BD9C9E}.Debug|Any CPU.Build.0 = Debug|Any CPU
		{A6ABE9C7-07CF-44B8-B5C4-EBE349BD9C9E}.Release|Any CPU.ActiveCfg = Release|Any CPU
		{A6ABE9C7-07CF-44B8-B5C4-EBE349BD9C9E}.Release|Any CPU.Build.0 = Release|Any CPU
		{5292CEFF-F8A1-45F4-ABDA-EA4134A00B08}.Debug|Any CPU.ActiveCfg = Debug|Any CPU
		{5292CEFF-F8A1-45F4-ABDA-EA4134A00B08}.Debug|Any CPU.Build.0 = Debug|Any CPU
		{5292CEFF-F8A1-45F4-ABDA-EA4134A00B08}.Release|Any CPU.ActiveCfg = Release|Any CPU
		{5292CEFF-F8A1-45F4-ABDA-EA4134A00B08}.Release|Any CPU.Build.0 = Release|Any CPU
		{8D6FAEAB-4DD6-42BB-A791-2C7E2669DE03}.Debug|Any CPU.ActiveCfg = Debug|Any CPU
		{8D6FAEAB-4DD6-42BB-A791-2C7E2669DE03}.Debug|Any CPU.Build.0 = Debug|Any CPU
		{8D6FAEAB-4DD6-42BB-A791-2C7E2669DE03}.Release|Any CPU.ActiveCfg = Release|Any CPU
		{8D6FAEAB-4DD6-42BB-A791-2C7E2669DE03}.Release|Any CPU.Build.0 = Release|Any CPU
	EndGlobalSection
EndGlobal
